
Microsoft Visual Studio Solution File, Format Version 12.00
# Visual Studio Version 16
VisualStudioVersion = 16.0.31105.61
MinimumVisualStudioVersion = 10.0.40219.1
Project("{FAE04EC0-301F-11D3-BF4B-00C04F79EFBC}") = "WinFormsApp1Turvandyan", "WinFormsApp1Turvandyan\WinFormsApp1Turvandyan.csproj", "{EF727C8E-281A-42AD-A135-125FCCD9EADA}"
EndProject
Global
	GlobalSection(SolutionConfigurationPlatforms) = preSolution
		Debug|Any CPU = Debug|Any CPU
		Release|Any CPU = Release|Any CPU
	EndGlobalSection
	GlobalSection(ProjectConfigurationPlatforms) = postSolution
		{EF727C8E-281A-42AD-A135-125FCCD9EADA}.Debug|Any CPU.ActiveCfg = Debug|Any CPU
		{EF727C8E-281A-42AD-A135-125FCCD9EADA}.Debug|Any CPU.Build.0 = Debug|Any CPU
		{EF727C8E-281A-42AD-A135-125FCCD9EADA}.Release|Any CPU.ActiveCfg = Release|Any CPU
		{EF727C8E-281A-42AD-A135-125FCCD9EADA}.Release|Any CPU.Build.0 = Release|Any CPU
	EndGlobalSection
	GlobalSection(SolutionProperties) = preSolution
		HideSolutionNode = FALSE
	EndGlobalSection
	GlobalSection(ExtensibilityGlobals) = postSolution
		SolutionGuid = {17A5D831-97ED-4367-9F42-114E50D9033F}
	EndGlobalSection
EndGlobal
